
Microsoft Visual Studio Solution File, Format Version 12.00
# Visual Studio 15
VisualStudioVersion = 15.0.28307.1525
MinimumVisualStudioVersion = 10.0.40219.1
Project("{FAE04EC0-301F-11D3-BF4B-00C04F79EFBC}") = "Login - Registration Enhanced", "Login - Registration Enhanced\Login - Registration Enhanced.csproj", "{2812BBC9-399D-477E-9CC2-239BA708100E}"
EndProject
Global
	GlobalSection(SolutionConfigurationPlatforms) = preSolution
		Debug|Any CPU = Debug|Any CPU
		Release|Any CPU = Release|Any CPU
	EndGlobalSection
	GlobalSection(ProjectConfigurationPlatforms) = postSolution
		{2812BBC9-399D-477E-9CC2-239BA708100E}.Debug|Any CPU.ActiveCfg = Debug|Any CPU
		{2812BBC9-399D-477E-9CC2-239BA708100E}.Debug|Any CPU.Build.0 = Debug|Any CPU
		{2812BBC9-399D-477E-9CC2-239BA708100E}.Release|Any CPU.ActiveCfg = Release|Any CPU
		{2812BBC9-399D-477E-9CC2-239BA708100E}.Release|Any CPU.Build.0 = Release|Any CPU
	EndGlobalSection
	GlobalSection(SolutionProperties) = preSolution
		HideSolutionNode = FALSE
	EndGlobalSection
	GlobalSection(ExtensibilityGlobals) = postSolution
		SolutionGuid = {3F1E05BF-19CC-4857-B5FF-0B185BE957F6}
	EndGlobalSection
EndGlobal
